# THIS IS AN AUTOGENERATED FILE. DO NOT EDIT THIS FILE DIRECTLY.
# yarn lockfile v1


"@babel/runtime@^7.10.3":
  version "7.12.1"
  resolved "https://registry.yarnpkg.com/@babel/runtime/-/runtime-7.12.1.tgz#b4116a6b6711d010b2dad3b7b6e43bf1b9954740"
  dependencies:
    regenerator-runtime "^0.13.4"

csstype@^2.6.6:
  version "2.6.13"
  resolved "https://registry.yarnpkg.com/csstype/-/csstype-2.6.13.tgz#a6893015b90e84dd6e85d0e3b442a1e84f2dbe0f"

d3-ease@^1.0.3:
  version "1.0.7"
  resolved "https://registry.yarnpkg.com/d3-ease/-/d3-ease-1.0.7.tgz#9a834890ef8b8ae8c558b2fe55bd57f5993b85e2"

d3-timer@^1.0.9:
  version "1.0.10"
  resolved "https://registry.yarnpkg.com/d3-timer/-/d3-timer-1.0.10.tgz#dfe76b8a91748831b13b6d9c793ffbd508dd9de5"

exenv@^1.2.0:
  version "1.2.1"
  resolved "https://registry.yarnpkg.com/exenv/-/exenv-1.2.1.tgz#75de1c8dee02e952b102aa17f8875973e0df14f9"

"js-tokens@^3.0.0 || ^4.0.0":
  version "4.0.0"
  resolved "https://registry.yarnpkg.com/js-tokens/-/js-tokens-4.0.0.tgz#19203fb59991df98e3a287050d4647cdeaf32499"

kapellmeister@^3.0.1:
  version "3.0.1"
  resolved "https://registry.yarnpkg.com/kapellmeister/-/kapellmeister-3.0.1.tgz#419b715cd221acda3db79892caedf63e1c9f7d25"
  dependencies:
    d3-timer "^1.0.9"

loose-envify@^1.4.0:
  version "1.4.0"
  resolved "https://registry.yarnpkg.com/loose-envify/-/loose-envify-1.4.0.tgz#71ee51fa7be4caec1a63839f7e682d8132d30caf"
  dependencies:
    js-tokens "^3.0.0 || ^4.0.0"

nuka-carousel@^4.7.2:
  version "4.7.2"
  resolved "https://registry.yarnpkg.com/nuka-carousel/-/nuka-carousel-4.7.2.tgz#62ee8c8d66f9c15bd9bc54bb3949172d123e39d3"
  dependencies:
    csstype "^2.6.6"
    d3-ease "^1.0.3"
    exenv "^1.2.0"
    prop-types "^15.6.0"
    react-move "^6.1.0"
    wicg-inert "^3.0.3"

object-assign@^4.1.1:
  version "4.1.1"
  resolved "https://registry.yarnpkg.com/object-assign/-/object-assign-4.1.1.tgz#2109adc7965887cfc05cbbd442cac8bfbb360863"

prop-types@^15.6.0, prop-types@^15.7.2:
  version "15.7.2"
  resolved "https://registry.yarnpkg.com/prop-types/-/prop-types-15.7.2.tgz#52c41e75b8c87e72b9d9360e0206b99dcbffa6c5"
  dependencies:
    loose-envify "^1.4.0"
    object-assign "^4.1.1"
    react-is "^16.8.1"

react-is@^16.8.1:
  version "16.13.1"
  resolved "https://registry.yarnpkg.com/react-is/-/react-is-16.13.1.tgz#789729a4dc36de2999dc156dd6c1d9c18cea56a4"

react-move@^6.1.0:
  version "6.4.0"
  resolved "https://registry.yarnpkg.com/react-move/-/react-move-6.4.0.tgz#9163a87c62fff94bf6e6980685c713739192650e"
  dependencies:
    "@babel/runtime" "^7.10.3"
    kapellmeister "^3.0.1"
    prop-types "^15.7.2"

regenerator-runtime@^0.13.4:
  version "0.13.7"
  resolved "https://registry.yarnpkg.com/regenerator-runtime/-/regenerator-runtime-0.13.7.tgz#cac2dacc8a1ea675feaabaeb8ae833898ae46f55"

wicg-inert@^3.0.3:
  version "3.1.0"
  resolved "https://registry.yarnpkg.com/wicg-inert/-/wicg-inert-3.1.0.tgz#6525f12db188b83f0051bed2ddcf6c1aa5b17590"
